
Microsoft Visual Studio Solution File, Format Version 12.00
# Visual Studio Version 17
VisualStudioVersion = 17.14.36414.22 d17.14
MinimumVisualStudioVersion = 10.0.40219.1
Project("{FAE04EC0-301F-11D3-BF4B-00C04F79EFBC}") = "Taxcalc", "Taxcalc\Taxcalc.csproj", "{5C1BA0F5-76A4-4242-A2A9-6C6566A358E7}"
EndProject
Global
	GlobalSection(SolutionConfigurationPlatforms) = preSolution
		Debug|Any CPU = Debug|Any CPU
		Release|Any CPU = Release|Any CPU
	EndGlobalSection
	GlobalSection(ProjectConfigurationPlatforms) = postSolution
		{5C1BA0F5-76A4-4242-A2A9-6C6566A358E7}.Debug|Any CPU.ActiveCfg = Debug|Any CPU
		{5C1BA0F5-76A4-4242-A2A9-6C6566A358E7}.Debug|Any CPU.Build.0 = Debug|Any CPU
		{5C1BA0F5-76A4-4242-A2A9-6C6566A358E7}.Release|Any CPU.ActiveCfg = Release|Any CPU
		{5C1BA0F5-76A4-4242-A2A9-6C6566A358E7}.Release|Any CPU.Build.0 = Release|Any CPU
	EndGlobalSection
	GlobalSection(SolutionProperties) = preSolution
		HideSolutionNode = FALSE
	EndGlobalSection
	GlobalSection(ExtensibilityGlobals) = postSolution
		SolutionGuid = {1EB5BD52-3046-47A5-B327-1D606CD560E5}
	EndGlobalSection
EndGlobal
